{
  "name": "hello-uni-test",
  "version": "1.0.0",
  "lockfileVersion": 1,
  "requires": true,
  "dependencies": {
    "mescroll-uni": {
      "version": "1.3.3",
      "resolved": "https://registry.npmjs.org/mescroll-uni/-/mescroll-uni-1.3.3.tgz",
      "integrity": "sha512-QOSDPQ9/kpAm28RZfypU3OtoPdtFIexkeCwKw8HtRY+Yh9iRMIDW5PrN7+h9TutSE4AjHunsotdCC6+fQRrRwA=="
    }
  }
}
